
Microsoft Visual Studio Solution File, Format Version 12.00
# Visual Studio 15
VisualStudioVersion = 15.0.27004.2005
MinimumVisualStudioVersion = 10.0.40219.1
Project("{8BC9CEB8-8B4A-11D0-8D11-00A0C91BC942}") = "TortoisePlink", "TortoisePlink\TortoisePlink.vcxproj", "{EE890AAA-37BC-49E9-9723-2F6F520BB907}"
EndProject
Project("{2150E333-8FDC-42A3-9474-1A3956D46DE8}") = "Solution Items", "Solution Items", "{47C31079-E33E-4C47-886B-7905AB2B9224}"
	ProjectSection(SolutionItems) = preProject
		.gitignore = .gitignore
		LICENSE = LICENSE
		PORTING.md = PORTING.md
		README.md = README.md
	EndProjectSection
EndProject
Project("{930C7802-8A8C-48F9-8165-68863BCCD9DD}") = "TortoisePlink-setup", "TortoisePlink-setup\TortoisePlink-setup.wixproj", "{4D31153D-B709-4EB9-AB2B-E5DD8834A5FA}"
EndProject
Project("{930C7802-8A8C-48F9-8165-68863BCCD9DD}") = "TortoisePlink.Setup.Base", "TortoisePlink-setup\TortoisePlink.Setup.Base.wixproj", "{43A97B1A-9F11-4F77-A75F-84EC3F75D34F}"
EndProject
Global
	GlobalSection(SolutionConfigurationPlatforms) = preSolution
		Debug|x64 = Debug|x64
		Debug|x86 = Debug|x86
		Release|x64 = Release|x64
		Release|x86 = Release|x86
	EndGlobalSection
	GlobalSection(ProjectConfigurationPlatforms) = postSolution
		{EE890AAA-37BC-49E9-9723-2F6F520BB907}.Debug|x64.ActiveCfg = Debug|x64
		{EE890AAA-37BC-49E9-9723-2F6F520BB907}.Debug|x64.Build.0 = Debug|x64
		{EE890AAA-37BC-49E9-9723-2F6F520BB907}.Debug|x86.ActiveCfg = Debug|Win32
		{EE890AAA-37BC-49E9-9723-2F6F520BB907}.Debug|x86.Build.0 = Debug|Win32
		{EE890AAA-37BC-49E9-9723-2F6F520BB907}.Release|x64.ActiveCfg = Release|x64
		{EE890AAA-37BC-49E9-9723-2F6F520BB907}.Release|x64.Build.0 = Release|x64
		{EE890AAA-37BC-49E9-9723-2F6F520BB907}.Release|x86.ActiveCfg = Release|Win32
		{EE890AAA-37BC-49E9-9723-2F6F520BB907}.Release|x86.Build.0 = Release|Win32
		{4D31153D-B709-4EB9-AB2B-E5DD8834A5FA}.Debug|x64.ActiveCfg = Debug|x86
		{4D31153D-B709-4EB9-AB2B-E5DD8834A5FA}.Debug|x86.ActiveCfg = Debug|x86
		{4D31153D-B709-4EB9-AB2B-E5DD8834A5FA}.Release|x64.ActiveCfg = Release|x86
		{4D31153D-B709-4EB9-AB2B-E5DD8834A5FA}.Release|x86.ActiveCfg = Release|x86
		{4D31153D-B709-4EB9-AB2B-E5DD8834A5FA}.Release|x86.Build.0 = Release|x86
		{43A97B1A-9F11-4F77-A75F-84EC3F75D34F}.Debug|x64.ActiveCfg = Debug|x64
		{43A97B1A-9F11-4F77-A75F-84EC3F75D34F}.Debug|x64.Build.0 = Debug|x64
		{43A97B1A-9F11-4F77-A75F-84EC3F75D34F}.Debug|x86.ActiveCfg = Debug|x86
		{43A97B1A-9F11-4F77-A75F-84EC3F75D34F}.Debug|x86.Build.0 = Debug|x86
		{43A97B1A-9F11-4F77-A75F-84EC3F75D34F}.Release|x64.ActiveCfg = Release|x64
		{43A97B1A-9F11-4F77-A75F-84EC3F75D34F}.Release|x64.Build.0 = Release|x64
		{43A97B1A-9F11-4F77-A75F-84EC3F75D34F}.Release|x86.ActiveCfg = Release|x86
		{43A97B1A-9F11-4F77-A75F-84EC3F75D34F}.Release|x86.Build.0 = Release|x86
	EndGlobalSection
	GlobalSection(SolutionProperties) = preSolution
		HideSolutionNode = FALSE
	EndGlobalSection
	GlobalSection(ExtensibilityGlobals) = postSolution
		SolutionGuid = {79746206-98E4-4D91-AE26-9DEA93900F4A}
	EndGlobalSection
EndGlobal
